
Microsoft Visual Studio Solution File, Format Version 12.00
# Visual Studio Version 16
VisualStudioVersion = 16.0.31112.23
MinimumVisualStudioVersion = 10.0.40219.1
Project("{9A19103F-16F7-4668-BE54-9A1E7A4F7556}") = "PruebaExperticker.Server", "PruebaExperticker\Server\PruebaExperticker.Server.csproj", "{B08F2CC5-33D5-43BB-B23F-64C6CE0D5B2E}"
EndProject
Project("{9A19103F-16F7-4668-BE54-9A1E7A4F7556}") = "PruebaExperticker.Client", "PruebaExperticker\Client\PruebaExperticker.Client.csproj", "{EBF3361D-C5CB-4D10-8756-F0D105A803EF}"
EndProject
Project("{9A19103F-16F7-4668-BE54-9A1E7A4F7556}") = "PruebaExperticker.Shared", "PruebaExperticker\Shared\PruebaExperticker.Shared.csproj", "{688EE698-F196-4AC8-AE76-9DB4EDD5D4FC}"
EndProject
Global
	GlobalSection(SolutionConfigurationPlatforms) = preSolution
		Debug|Any CPU = Debug|Any CPU
		Release|Any CPU = Release|Any CPU
	EndGlobalSection
	GlobalSection(ProjectConfigurationPlatforms) = postSolution
		{B08F2CC5-33D5-43BB-B23F-64C6CE0D5B2E}.Debug|Any CPU.ActiveCfg = Debug|Any CPU
		{B08F2CC5-33D5-43BB-B23F-64C6CE0D5B2E}.Debug|Any CPU.Build.0 = Debug|Any CPU
		{B08F2CC5-33D5-43BB-B23F-64C6CE0D5B2E}.Release|Any CPU.ActiveCfg = Release|Any CPU
		{B08F2CC5-33D5-43BB-B23F-64C6CE0D5B2E}.Release|Any CPU.Build.0 = Release|Any CPU
		{EBF3361D-C5CB-4D10-8756-F0D105A803EF}.Debug|Any CPU.ActiveCfg = Debug|Any CPU
		{EBF3361D-C5CB-4D10-8756-F0D105A803EF}.Debug|Any CPU.Build.0 = Debug|Any CPU
		{EBF3361D-C5CB-4D10-8756-F0D105A803EF}.Release|Any CPU.ActiveCfg = Release|Any CPU
		{EBF3361D-C5CB-4D10-8756-F0D105A803EF}.Release|Any CPU.Build.0 = Release|Any CPU
		{688EE698-F196-4AC8-AE76-9DB4EDD5D4FC}.Debug|Any CPU.ActiveCfg = Debug|Any CPU
		{688EE698-F196-4AC8-AE76-9DB4EDD5D4FC}.Debug|Any CPU.Build.0 = Debug|Any CPU
		{688EE698-F196-4AC8-AE76-9DB4EDD5D4FC}.Release|Any CPU.ActiveCfg = Release|Any CPU
		{688EE698-F196-4AC8-AE76-9DB4EDD5D4FC}.Release|Any CPU.Build.0 = Release|Any CPU
	EndGlobalSection
	GlobalSection(SolutionProperties) = preSolution
		HideSolutionNode = FALSE
	EndGlobalSection
	GlobalSection(ExtensibilityGlobals) = postSolution
		SolutionGuid = {824B2D31-8A7E-4CD0-88B7-3DB8541F3780}
	EndGlobalSection
EndGlobal
